
Microsoft Visual Studio Solution File, Format Version 12.00
# Visual Studio Version 16
VisualStudioVersion = 16.0.31229.75
MinimumVisualStudioVersion = 10.0.40219.1
Project("{FAE04EC0-301F-11D3-BF4B-00C04F79EFBC}") = "CurrencyConverter", "CurrencyConverter\CurrencyConverter.csproj", "{4F9BADCB-BC50-44FB-AFE5-66709891F2CF}"
EndProject
Project("{FAE04EC0-301F-11D3-BF4B-00C04F79EFBC}") = "Data", "Data\Data.csproj", "{8B903E39-BD11-46CF-9376-9B29C08F5780}"
EndProject
Project("{FAE04EC0-301F-11D3-BF4B-00C04F79EFBC}") = "Services", "Services\Services.csproj", "{65B96DD8-A042-4CC1-BF53-D78A1464C552}"
EndProject
Global
	GlobalSection(SolutionConfigurationPlatforms) = preSolution
		Debug|Any CPU = Debug|Any CPU
		Release|Any CPU = Release|Any CPU
	EndGlobalSection
	GlobalSection(ProjectConfigurationPlatforms) = postSolution
		{4F9BADCB-BC50-44FB-AFE5-66709891F2CF}.Debug|Any CPU.ActiveCfg = Debug|Any CPU
		{4F9BADCB-BC50-44FB-AFE5-66709891F2CF}.Debug|Any CPU.Build.0 = Debug|Any CPU
		{4F9BADCB-BC50-44FB-AFE5-66709891F2CF}.Release|Any CPU.ActiveCfg = Release|Any CPU
		{4F9BADCB-BC50-44FB-AFE5-66709891F2CF}.Release|Any CPU.Build.0 = Release|Any CPU
		{8B903E39-BD11-46CF-9376-9B29C08F5780}.Debug|Any CPU.ActiveCfg = Debug|Any CPU
		{8B903E39-BD11-46CF-9376-9B29C08F5780}.Debug|Any CPU.Build.0 = Debug|Any CPU
		{8B903E39-BD11-46CF-9376-9B29C08F5780}.Release|Any CPU.ActiveCfg = Release|Any CPU
		{8B903E39-BD11-46CF-9376-9B29C08F5780}.Release|Any CPU.Build.0 = Release|Any CPU
		{65B96DD8-A042-4CC1-BF53-D78A1464C552}.Debug|Any CPU.ActiveCfg = Debug|Any CPU
		{65B96DD8-A042-4CC1-BF53-D78A1464C552}.Debug|Any CPU.Build.0 = Debug|Any CPU
		{65B96DD8-A042-4CC1-BF53-D78A1464C552}.Release|Any CPU.ActiveCfg = Release|Any CPU
		{65B96DD8-A042-4CC1-BF53-D78A1464C552}.Release|Any CPU.Build.0 = Release|Any CPU
	EndGlobalSection
	GlobalSection(SolutionProperties) = preSolution
		HideSolutionNode = FALSE
	EndGlobalSection
	GlobalSection(ExtensibilityGlobals) = postSolution
		SolutionGuid = {341D9F1A-408F-47F5-9A8B-EF93E65E2B44}
	EndGlobalSection
EndGlobal
